
Microsoft Visual Studio Solution File, Format Version 12.00
# Visual Studio Version 16
VisualStudioVersion = 16.0.31025.194
MinimumVisualStudioVersion = 10.0.40219.1
Project("{FAE04EC0-301F-11D3-BF4B-00C04F79EFBC}") = "Lesson1", "Lesson1\Lesson1.csproj", "{284C25EF-33DD-45D1-BDA8-81BB3A69DA6E}"
EndProject
Project("{9A19103F-16F7-4668-BE54-9A1E7A4F7556}") = "dz1_3", "dz1_3\dz1_3.csproj", "{327F13DB-EB56-4F14-9D6B-AB0CD319BAC7}"
EndProject
Project("{9A19103F-16F7-4668-BE54-9A1E7A4F7556}") = "dz1_4", "dz1_4\dz1_4.csproj", "{D1C386DF-A918-4581-BD12-EC44E4B65A0C}"
EndProject
Project("{9A19103F-16F7-4668-BE54-9A1E7A4F7556}") = "dz1_5", "dz1_5\dz1_5.csproj", "{EE6FD448-1771-4526-8C88-62F6FBA4B880}"
EndProject
Project("{9A19103F-16F7-4668-BE54-9A1E7A4F7556}") = "Lesson2", "Lesson2\Lesson2.csproj", "{95521738-46E0-4F57-AC03-DB5C771CCB4F}"
EndProject
Project("{2150E333-8FDC-42A3-9474-1A3956D46DE8}") = "Lesson 1", "Lesson 1", "{095AC484-5786-44A0-875A-1D9F991334CB}"
EndProject
Project("{2150E333-8FDC-42A3-9474-1A3956D46DE8}") = "Lesson 2", "Lesson 2", "{BA61F180-8BF3-44E2-8955-2289CFA7C691}"
EndProject
Project("{9A19103F-16F7-4668-BE54-9A1E7A4F7556}") = "dz2_1", "dz2_1\dz2_1.csproj", "{99AAD77E-2670-4A89-B25E-B9F1299DDAF9}"
EndProject
Project("{9A19103F-16F7-4668-BE54-9A1E7A4F7556}") = "dz2_2", "dz2_2\dz2_2.csproj", "{3CC352D4-AA8F-4DAA-B700-CAF798C09ACC}"
EndProject
Project("{9A19103F-16F7-4668-BE54-9A1E7A4F7556}") = "dz1_1", "dz1_1\dz1_1.csproj", "{A5EB7320-4043-4194-8CCA-8D33033FCA5A}"
EndProject
Project("{9A19103F-16F7-4668-BE54-9A1E7A4F7556}") = "dz1_2", "dz1_2\dz1_2.csproj", "{5D97CABA-F89D-4429-A054-F756E48BE499}"
EndProject
Project("{9A19103F-16F7-4668-BE54-9A1E7A4F7556}") = "dz2_3", "dz2_3\dz2_3.csproj", "{CBFB2CD0-B292-4DD4-91B0-FF9E7DA77B89}"
EndProject
Project("{9A19103F-16F7-4668-BE54-9A1E7A4F7556}") = "dz2_4", "dz2_4\dz2_4.csproj", "{2DD22416-2B58-43AB-BA68-A8B5EA62B92E}"
EndProject
Project("{9A19103F-16F7-4668-BE54-9A1E7A4F7556}") = "dz2_7", "dz2_7\dz2_7.csproj", "{7850C062-E218-4A19-9FFC-9AB968D929AF}"
EndProject
Project("{2150E333-8FDC-42A3-9474-1A3956D46DE8}") = "Lesson 3", "Lesson 3", "{17EF3448-7CB7-4033-AD8D-CAD17FFC78D1}"
EndProject
Project("{9A19103F-16F7-4668-BE54-9A1E7A4F7556}") = "dz3_2", "dz3_2\dz3_2.csproj", "{0F393284-FAF2-4306-B7B5-1B2B82856CB9}"
EndProject
Project("{2150E333-8FDC-42A3-9474-1A3956D46DE8}") = "Lesson 4", "Lesson 4", "{7961C9B8-28FE-4D69-A25D-1A0906511348}"
EndProject
Project("{FAE04EC0-301F-11D3-BF4B-00C04F79EFBC}") = "dz4_1", "dz4_1\dz4_1.csproj", "{43F5F211-C24E-4519-82E7-007961E33BBB}"
EndProject
Project("{FAE04EC0-301F-11D3-BF4B-00C04F79EFBC}") = "dz4_2", "dz4_2\dz4_2.csproj", "{7D13CD60-DE8F-439C-8DA7-87788F88083D}"
EndProject
Global
	GlobalSection(SolutionConfigurationPlatforms) = preSolution
		Debug|Any CPU = Debug|Any CPU
		Release|Any CPU = Release|Any CPU
	EndGlobalSection
	GlobalSection(ProjectConfigurationPlatforms) = postSolution
		{284C25EF-33DD-45D1-BDA8-81BB3A69DA6E}.Debug|Any CPU.ActiveCfg = Debug|Any CPU
		{284C25EF-33DD-45D1-BDA8-81BB3A69DA6E}.Debug|Any CPU.Build.0 = Debug|Any CPU
		{284C25EF-33DD-45D1-BDA8-81BB3A69DA6E}.Release|Any CPU.ActiveCfg = Release|Any CPU
		{284C25EF-33DD-45D1-BDA8-81BB3A69DA6E}.Release|Any CPU.Build.0 = Release|Any CPU
		{327F13DB-EB56-4F14-9D6B-AB0CD319BAC7}.Debug|Any CPU.ActiveCfg = Debug|Any CPU
		{327F13DB-EB56-4F14-9D6B-AB0CD319BAC7}.Debug|Any CPU.Build.0 = Debug|Any CPU
		{327F13DB-EB56-4F14-9D6B-AB0CD319BAC7}.Release|Any CPU.ActiveCfg = Release|Any CPU
		{327F13DB-EB56-4F14-9D6B-AB0CD319BAC7}.Release|Any CPU.Build.0 = Release|Any CPU
		{D1C386DF-A918-4581-BD12-EC44E4B65A0C}.Debug|Any CPU.ActiveCfg = Debug|Any CPU
		{D1C386DF-A918-4581-BD12-EC44E4B65A0C}.Debug|Any CPU.Build.0 = Debug|Any CPU
		{D1C386DF-A918-4581-BD12-EC44E4B65A0C}.Release|Any CPU.ActiveCfg = Release|Any CPU
		{D1C386DF-A918-4581-BD12-EC44E4B65A0C}.Release|Any CPU.Build.0 = Release|Any CPU
		{EE6FD448-1771-4526-8C88-62F6FBA4B880}.Debug|Any CPU.ActiveCfg = Debug|Any CPU
		{EE6FD448-1771-4526-8C88-62F6FBA4B880}.Debug|Any CPU.Build.0 = Debug|Any CPU
		{EE6FD448-1771-4526-8C88-62F6FBA4B880}.Release|Any CPU.ActiveCfg = Release|Any CPU
		{EE6FD448-1771-4526-8C88-62F6FBA4B880}.Release|Any CPU.Build.0 = Release|Any CPU
		{95521738-46E0-4F57-AC03-DB5C771CCB4F}.Debug|Any CPU.ActiveCfg = Debug|Any CPU
		{95521738-46E0-4F57-AC03-DB5C771CCB4F}.Debug|Any CPU.Build.0 = Debug|Any CPU
		{95521738-46E0-4F57-AC03-DB5C771CCB4F}.Release|Any CPU.ActiveCfg = Release|Any CPU
		{95521738-46E0-4F57-AC03-DB5C771CCB4F}.Release|Any CPU.Build.0 = Release|Any CPU
		{99AAD77E-2670-4A89-B25E-B9F1299DDAF9}.Debug|Any CPU.ActiveCfg = Debug|Any CPU
		{99AAD77E-2670-4A89-B25E-B9F1299DDAF9}.Debug|Any CPU.Build.0 = Debug|Any CPU
		{99AAD77E-2670-4A89-B25E-B9F1299DDAF9}.Release|Any CPU.ActiveCfg = Release|Any CPU
		{99AAD77E-2670-4A89-B25E-B9F1299DDAF9}.Release|Any CPU.Build.0 = Release|Any CPU
		{3CC352D4-AA8F-4DAA-B700-CAF798C09ACC}.Debug|Any CPU.ActiveCfg = Debug|Any CPU
		{3CC352D4-AA8F-4DAA-B700-CAF798C09ACC}.Debug|Any CPU.Build.0 = Debug|Any CPU
		{3CC352D4-AA8F-4DAA-B700-CAF798C09ACC}.Release|Any CPU.ActiveCfg = Release|Any CPU
		{3CC352D4-AA8F-4DAA-B700-CAF798C09ACC}.Release|Any CPU.Build.0 = Release|Any CPU
		{A5EB7320-4043-4194-8CCA-8D33033FCA5A}.Debug|Any CPU.ActiveCfg = Debug|Any CPU
		{A5EB7320-4043-4194-8CCA-8D33033FCA5A}.Debug|Any CPU.Build.0 = Debug|Any CPU
		{A5EB7320-4043-4194-8CCA-8D33033FCA5A}.Release|Any CPU.ActiveCfg = Release|Any CPU
		{A5EB7320-4043-4194-8CCA-8D33033FCA5A}.Release|Any CPU.Build.0 = Release|Any CPU
		{5D97CABA-F89D-4429-A054-F756E48BE499}.Debug|Any CPU.ActiveCfg = Debug|Any CPU
		{5D97CABA-F89D-4429-A054-F756E48BE499}.Debug|Any CPU.Build.0 = Debug|Any CPU
		{5D97CABA-F89D-4429-A054-F756E48BE499}.Release|Any CPU.ActiveCfg = Release|Any CPU
		{5D97CABA-F89D-4429-A054-F756E48BE499}.Release|Any CPU.Build.0 = Release|Any CPU
		{CBFB2CD0-B292-4DD4-91B0-FF9E7DA77B89}.Debug|Any CPU.ActiveCfg = Debug|Any CPU
		{CBFB2CD0-B292-4DD4-91B0-FF9E7DA77B89}.Debug|Any CPU.Build.0 = Debug|Any CPU
		{CBFB2CD0-B292-4DD4-91B0-FF9E7DA77B89}.Release|Any CPU.ActiveCfg = Release|Any CPU
		{CBFB2CD0-B292-4DD4-91B0-FF9E7DA77B89}.Release|Any CPU.Build.0 = Release|Any CPU
		{2DD22416-2B58-43AB-BA68-A8B5EA62B92E}.Debug|Any CPU.ActiveCfg = Debug|Any CPU
		{2DD22416-2B58-43AB-BA68-A8B5EA62B92E}.Debug|Any CPU.Build.0 = Debug|Any CPU
		{2DD22416-2B58-43AB-BA68-A8B5EA62B92E}.Release|Any CPU.ActiveCfg = Release|Any CPU
		{2DD22416-2B58-43AB-BA68-A8B5EA62B92E}.Release|Any CPU.Build.0 = Release|Any CPU
		{7850C062-E218-4A19-9FFC-9AB968D929AF}.Debug|Any CPU.ActiveCfg = Debug|Any CPU
		{7850C062-E218-4A19-9FFC-9AB968D929AF}.Debug|Any CPU.Build.0 = Debug|Any CPU
		{7850C062-E218-4A19-9FFC-9AB968D929AF}.Release|Any CPU.ActiveCfg = Release|Any CPU
		{7850C062-E218-4A19-9FFC-9AB968D929AF}.Release|Any CPU.Build.0 = Release|Any CPU
		{0F393284-FAF2-4306-B7B5-1B2B82856CB9}.Debug|Any CPU.ActiveCfg = Debug|Any CPU
		{0F393284-FAF2-4306-B7B5-1B2B82856CB9}.Debug|Any CPU.Build.0 = Debug|Any CPU
		{0F393284-FAF2-4306-B7B5-1B2B82856CB9}.Release|Any CPU.ActiveCfg = Release|Any CPU
		{0F393284-FAF2-4306-B7B5-1B2B82856CB9}.Release|Any CPU.Build.0 = Release|Any CPU
		{43F5F211-C24E-4519-82E7-007961E33BBB}.Debug|Any CPU.ActiveCfg = Debug|Any CPU
		{43F5F211-C24E-4519-82E7-007961E33BBB}.Debug|Any CPU.Build.0 = Debug|Any CPU
		{43F5F211-C24E-4519-82E7-007961E33BBB}.Release|Any CPU.ActiveCfg = Release|Any CPU
		{43F5F211-C24E-4519-82E7-007961E33BBB}.Release|Any CPU.Build.0 = Release|Any CPU
		{7D13CD60-DE8F-439C-8DA7-87788F88083D}.Debug|Any CPU.ActiveCfg = Debug|Any CPU
		{7D13CD60-DE8F-439C-8DA7-87788F88083D}.Debug|Any CPU.Build.0 = Debug|Any CPU
		{7D13CD60-DE8F-439C-8DA7-87788F88083D}.Release|Any CPU.ActiveCfg = Release|Any CPU
		{7D13CD60-DE8F-439C-8DA7-87788F88083D}.Release|Any CPU.Build.0 = Release|Any CPU
	EndGlobalSection
	GlobalSection(SolutionProperties) = preSolution
		HideSolutionNode = FALSE
	EndGlobalSection
	GlobalSection(NestedProjects) = preSolution
		{284C25EF-33DD-45D1-BDA8-81BB3A69DA6E} = {095AC484-5786-44A0-875A-1D9F991334CB}
		{327F13DB-EB56-4F14-9D6B-AB0CD319BAC7} = {095AC484-5786-44A0-875A-1D9F991334CB}
		{D1C386DF-A918-4581-BD12-EC44E4B65A0C} = {095AC484-5786-44A0-875A-1D9F991334CB}
		{EE6FD448-1771-4526-8C88-62F6FBA4B880} = {095AC484-5786-44A0-875A-1D9F991334CB}
		{95521738-46E0-4F57-AC03-DB5C771CCB4F} = {BA61F180-8BF3-44E2-8955-2289CFA7C691}
		{99AAD77E-2670-4A89-B25E-B9F1299DDAF9} = {BA61F180-8BF3-44E2-8955-2289CFA7C691}
		{3CC352D4-AA8F-4DAA-B700-CAF798C09ACC} = {BA61F180-8BF3-44E2-8955-2289CFA7C691}
		{A5EB7320-4043-4194-8CCA-8D33033FCA5A} = {095AC484-5786-44A0-875A-1D9F991334CB}
		{5D97CABA-F89D-4429-A054-F756E48BE499} = {095AC484-5786-44A0-875A-1D9F991334CB}
		{CBFB2CD0-B292-4DD4-91B0-FF9E7DA77B89} = {BA61F180-8BF3-44E2-8955-2289CFA7C691}
		{2DD22416-2B58-43AB-BA68-A8B5EA62B92E} = {BA61F180-8BF3-44E2-8955-2289CFA7C691}
		{7850C062-E218-4A19-9FFC-9AB968D929AF} = {BA61F180-8BF3-44E2-8955-2289CFA7C691}
		{0F393284-FAF2-4306-B7B5-1B2B82856CB9} = {17EF3448-7CB7-4033-AD8D-CAD17FFC78D1}
		{43F5F211-C24E-4519-82E7-007961E33BBB} = {7961C9B8-28FE-4D69-A25D-1A0906511348}
		{7D13CD60-DE8F-439C-8DA7-87788F88083D} = {7961C9B8-28FE-4D69-A25D-1A0906511348}
	EndGlobalSection
	GlobalSection(ExtensibilityGlobals) = postSolution
		SolutionGuid = {29C9D792-A664-4CCC-A59F-BAF996A97E3B}
	EndGlobalSection
EndGlobal
